{
  "+---------------------------------------------------+\n| :serial_work                                      |": [
    {
      "file": "README.md",
      "lines": [
        215,
        259
      ]
    }
  ],
  "class StrictlySerialJob\ninclude Resque::Plugins::UniqueAtRuntime": [
    {
      "file": "README.md",
      "lines": [
        167,
        186,
        287
      ]
    }
  ],
  "strategy: merge\npreference: destination": [
    {
      "file": ".structuredmerge/kettle-jem.yml",
      "lines": [
        124,
        138
      ]
    }
  ],
  "| job 1       | job 2       | job 3       |         |\n+---------------------------------------------------+": [
    {
      "file": "README.md",
      "lines": [
        222,
        266
      ]
    }
  ]
}
