{
  "+---------------------------------------------------+\n| :serial_work                                      |": [
    {
      "file": "README.md",
      "lines": [
        213,
        257
      ]
    }
  ],
  "class StrictlySerialJob\ninclude Resque::Plugins::UniqueAtRuntime": [
    {
      "file": "README.md",
      "lines": [
        165,
        184,
        285
      ]
    }
  ],
  "strategy: merge\npreference: destination": [
    {
      "file": ".structuredmerge/kettle-jem.yml",
      "lines": [
        122,
        136
      ]
    }
  ],
  "| job 1       | job 2       | job 3       |         |\n+---------------------------------------------------+": [
    {
      "file": "README.md",
      "lines": [
        220,
        264
      ]
    }
  ]
}
