{
  "Rakefile:512290781": [
    [168, 1, 16, "Rake/Desc: Describe the task with `desc` method.", 850263259]
  ],
  "lib/resque-unique_at_runtime.rb:2279581013": [
    [24, 18, 34, "Style/RedundantParentheses: Don't use parentheses around a method call.", 2422313271],
    [27, 7, 84, "Style/SafeNavigation: Use safe navigation (`&.`) instead of checking if an object exists before calling the method.", 3761788843],
    [41, 7, 28, "ThreadSafety/ClassAndModuleAttributes: Avoid mutating class and module attributes.", 3570445562]
  ],
  "lib/resque/plugins/unique_at_runtime.rb:3609693480": [
    [28, 11, 45, "ThreadSafety/ClassInstanceVariable: Avoid class instance variables.", 2584366923],
    [29, 13, 98, "ThreadSafety/ClassInstanceVariable: Avoid class instance variables.", 212246325],
    [33, 11, 49, "ThreadSafety/ClassInstanceVariable: Avoid class instance variables.", 3716376034],
    [34, 13, 106, "ThreadSafety/ClassInstanceVariable: Avoid class instance variables.", 1473579349],
    [38, 11, 51, "ThreadSafety/ClassInstanceVariable: Avoid class instance variables.", 3057524831],
    [39, 13, 118, "ThreadSafety/ClassInstanceVariable: Avoid class instance variables.", 959601974],
    [72, 14, 22, "ThreadSafety/ClassInstanceVariable: Avoid class instance variables.", 842817375],
    [80, 11, 22, "ThreadSafety/ClassInstanceVariable: Avoid class instance variables.", 842817375],
    [106, 11, 22, "ThreadSafety/ClassInstanceVariable: Avoid class instance variables.", 842817375]
  ],
  "lib/resque/unique_at_runtime/configuration.rb:1522889051": [
    [30, 34, 6, "Style/GlobalStdStream: Use `$stdout` instead of `STDOUT`.", 3356722952],
    [45, 7, 15, "Lint/DuplicateMethods: Method `Resque::UniqueAtRuntime::Configuration#debug_mode=` is defined at both lib/resque/unique_at_runtime/configuration.rb:14 and lib/resque/unique_at_runtime/configuration.rb:45.", 3724036658]
  ],
  "resque-unique_at_runtime.gemspec:3159877870": [
    [180, 3, 39, "Gemspec/DependencyVersion: Dependency version specification is required.", 248795650],
    [186, 3, 41, "Gemspec/DependencyVersion: Dependency version specification is required.", 3258055162]
  ],
  "spec/resque-unique_at_runtime_spec.rb:452559069": [
    [5, 1, 32, "RSpec/SpecFilePathFormat: Spec path should end with `resque/unique_at_runtime*_spec.rb`.", 2206473303],
    [7, 29, 11, "Style/FileNull: Use `File::NULL` instead of `/dev/null`.", 597636425],
    [13, 17, 23, "RSpec/DescribedClass: Use `described_class` instead of `Resque::UniqueAtRuntime`.", 3759898234],
    [14, 20, 23, "RSpec/DescribedClass: Use `described_class` instead of `Resque::UniqueAtRuntime`.", 3759898234],
    [15, 7, 23, "RSpec/DescribedClass: Use `described_class` instead of `Resque::UniqueAtRuntime`.", 3759898234],
    [16, 7, 23, "RSpec/DescribedClass: Use `described_class` instead of `Resque::UniqueAtRuntime`.", 3759898234],
    [20, 7, 23, "RSpec/DescribedClass: Use `described_class` instead of `Resque::UniqueAtRuntime`.", 3759898234],
    [20, 54, 7, "RSpec/InstanceVariable: Avoid instance variables - use let, a method call, or a local variable (if possible).", 842193521],
    [21, 7, 23, "RSpec/DescribedClass: Use `described_class` instead of `Resque::UniqueAtRuntime`.", 3759898234],
    [21, 57, 10, "RSpec/InstanceVariable: Avoid instance variables - use let, a method call, or a local variable (if possible).", 1374199432],
    [24, 5, 10, "RSpec/MultipleExpectations: Example has too many expectations [2/1].", 1095999310],
    [25, 25, 7, "RSpec/MessageSpies: Prefer `have_received` for setting message expectations. Setup `logger` as a spy using `allow` or `instance_spy`.", 1384559950],
    [30, 7, 23, "RSpec/DescribedClass: Use `described_class` instead of `Resque::UniqueAtRuntime`.", 3759898234],
    [41, 23, 23, "RSpec/DescribedClass: Use `described_class` instead of `Resque::UniqueAtRuntime`.", 3759898234],
    [42, 19, 23, "RSpec/DescribedClass: Use `described_class` instead of `Resque::UniqueAtRuntime`.", 3759898234],
    [43, 22, 23, "RSpec/DescribedClass: Use `described_class` instead of `Resque::UniqueAtRuntime`.", 3759898234],
    [44, 9, 23, "RSpec/DescribedClass: Use `described_class` instead of `Resque::UniqueAtRuntime`.", 3759898234],
    [45, 9, 23, "RSpec/DescribedClass: Use `described_class` instead of `Resque::UniqueAtRuntime`.", 3759898234],
    [46, 9, 23, "RSpec/DescribedClass: Use `described_class` instead of `Resque::UniqueAtRuntime`.", 3759898234],
    [50, 9, 23, "RSpec/DescribedClass: Use `described_class` instead of `Resque::UniqueAtRuntime`.", 3759898234],
    [50, 60, 11, "RSpec/InstanceVariable: Avoid instance variables - use let, a method call, or a local variable (if possible).", 689053256],
    [51, 9, 23, "RSpec/DescribedClass: Use `described_class` instead of `Resque::UniqueAtRuntime`.", 3759898234],
    [51, 56, 7, "RSpec/InstanceVariable: Avoid instance variables - use let, a method call, or a local variable (if possible).", 842193521],
    [52, 51, 10, "RSpec/InstanceVariable: Avoid instance variables - use let, a method call, or a local variable (if possible).", 1374199432],
    [55, 7, 10, "RSpec/MultipleExpectations: Example has too many expectations [2/1].", 1095999310],
    [56, 27, 7, "RSpec/MessageSpies: Prefer `have_received` for setting message expectations. Setup `logger` as a spy using `allow` or `instance_spy`.", 1384559950],
    [67, 23, 23, "RSpec/DescribedClass: Use `described_class` instead of `Resque::UniqueAtRuntime`.", 3759898234],
    [68, 19, 23, "RSpec/DescribedClass: Use `described_class` instead of `Resque::UniqueAtRuntime`.", 3759898234],
    [69, 22, 23, "RSpec/DescribedClass: Use `described_class` instead of `Resque::UniqueAtRuntime`.", 3759898234],
    [70, 9, 23, "RSpec/DescribedClass: Use `described_class` instead of `Resque::UniqueAtRuntime`.", 3759898234],
    [71, 9, 23, "RSpec/DescribedClass: Use `described_class` instead of `Resque::UniqueAtRuntime`.", 3759898234],
    [72, 9, 23, "RSpec/DescribedClass: Use `described_class` instead of `Resque::UniqueAtRuntime`.", 3759898234],
    [76, 9, 23, "RSpec/DescribedClass: Use `described_class` instead of `Resque::UniqueAtRuntime`.", 3759898234],
    [76, 60, 11, "RSpec/InstanceVariable: Avoid instance variables - use let, a method call, or a local variable (if possible).", 689053256],
    [77, 9, 23, "RSpec/DescribedClass: Use `described_class` instead of `Resque::UniqueAtRuntime`.", 3759898234],
    [77, 56, 7, "RSpec/InstanceVariable: Avoid instance variables - use let, a method call, or a local variable (if possible).", 842193521],
    [78, 9, 23, "RSpec/DescribedClass: Use `described_class` instead of `Resque::UniqueAtRuntime`.", 3759898234],
    [78, 59, 10, "RSpec/InstanceVariable: Avoid instance variables - use let, a method call, or a local variable (if possible).", 1374199432],
    [81, 7, 10, "RSpec/MultipleExpectations: Example has too many expectations [2/1].", 1095999310],
    [82, 27, 7, "RSpec/MessageSpies: Prefer `have_received` for setting message expectations. Setup `logger` as a spy using `allow` or `instance_spy`.", 1384559950],
    [93, 23, 23, "RSpec/DescribedClass: Use `described_class` instead of `Resque::UniqueAtRuntime`.", 3759898234],
    [94, 19, 23, "RSpec/DescribedClass: Use `described_class` instead of `Resque::UniqueAtRuntime`.", 3759898234],
    [95, 22, 23, "RSpec/DescribedClass: Use `described_class` instead of `Resque::UniqueAtRuntime`.", 3759898234],
    [96, 9, 23, "RSpec/DescribedClass: Use `described_class` instead of `Resque::UniqueAtRuntime`.", 3759898234],
    [97, 9, 23, "RSpec/DescribedClass: Use `described_class` instead of `Resque::UniqueAtRuntime`.", 3759898234],
    [98, 9, 23, "RSpec/DescribedClass: Use `described_class` instead of `Resque::UniqueAtRuntime`.", 3759898234],
    [102, 9, 23, "RSpec/DescribedClass: Use `described_class` instead of `Resque::UniqueAtRuntime`.", 3759898234],
    [102, 60, 11, "RSpec/InstanceVariable: Avoid instance variables - use let, a method call, or a local variable (if possible).", 689053256],
    [103, 9, 23, "RSpec/DescribedClass: Use `described_class` instead of `Resque::UniqueAtRuntime`.", 3759898234],
    [103, 56, 7, "RSpec/InstanceVariable: Avoid instance variables - use let, a method call, or a local variable (if possible).", 842193521],
    [104, 9, 23, "RSpec/DescribedClass: Use `described_class` instead of `Resque::UniqueAtRuntime`.", 3759898234],
    [104, 59, 10, "RSpec/InstanceVariable: Avoid instance variables - use let, a method call, or a local variable (if possible).", 1374199432],
    [107, 7, 19, "RSpec/MultipleExpectations: Example has too many expectations [2/1].", 1010856102],
    [108, 31, 7, "RSpec/MessageSpies: Prefer `have_received` for setting message expectations. Setup `logger` as a spy using `allow` or `instance_spy`.", 1384559950]
  ],
  "spec/resque/plugins/unique_at_runtime_spec.rb:2028800298": [
    [20, 26, 6, "ThreadSafety/ClassInstanceVariable: Avoid class instance variables.", 2764263348],
    [39, 53, 3, "RSpec/BeEql: Prefer `be` over `eql`.", 193405885],
    [44, 53, 3, "RSpec/BeEql: Prefer `be` over `eql`.", 193405885],
    [56, 49, 3, "RSpec/BeEql: Prefer `be` over `eql`.", 193405885],
    [57, 57, 3, "RSpec/BeEql: Prefer `be` over `eql`.", 193405885],
    [64, 49, 3, "RSpec/BeEql: Prefer `be` over `eql`.", 193405885],
    [92, 58, 3, "RSpec/BeEql: Prefer `be` over `eql`.", 193405885],
    [95, 5, 40, "RSpec/MultipleExpectations: Example has too many expectations [2/1].", 3217841240],
    [96, 58, 3, "RSpec/BeEql: Prefer `be` over `eql`.", 193405885],
    [97, 58, 3, "RSpec/BeEql: Prefer `be` over `eql`.", 193405885],
    [100, 5, 41, "RSpec/MultipleExpectations: Example has too many expectations [2/1].", 3736040607],
    [101, 58, 3, "RSpec/BeEql: Prefer `be` over `eql`.", 193405885],
    [103, 60, 3, "RSpec/BeEql: Prefer `be` over `eql`.", 193405885],
    [107, 5, 41, "RSpec/MultipleExpectations: Example has too many expectations [2/1].", 1852471206],
    [108, 58, 3, "RSpec/BeEql: Prefer `be` over `eql`.", 193405885],
    [116, 5, 38, "RSpec/MultipleExpectations: Example has too many expectations [2/1].", 4031860600],
    [121, 11, 10, "ThreadSafety/NewThread: Avoid starting new threads.", 3411682361],
    [131, 38, 3, "RSpec/BeEql: Prefer `be` over `eql`.", 193405885],
    [190, 7, 31, "RSpec/MultipleExpectations: Example has too many expectations [2/1].", 2332297491],
    [194, 9, 17, "RSpec/StubbedMock: Prefer `allow` over `expect` when configuring a response.", 507636028],
    [194, 30, 7, "RSpec/MessageSpies: Prefer `have_received` for setting message expectations. Setup `SerialJob` as a spy using `allow` or `instance_spy`.", 1384559950],
    [197, 30, 7, "RSpec/MessageSpies: Prefer `have_received` for setting message expectations. Setup `SerialJob` as a spy using `allow` or `instance_spy`.", 1384559950],
    [202, 7, 54, "RSpec/MultipleExpectations: Example has too many expectations [4/1].", 200665986],
    [206, 9, 17, "RSpec/StubbedMock: Prefer `allow` over `expect` when configuring a response.", 507636028],
    [206, 30, 7, "RSpec/MessageSpies: Prefer `have_received` for setting message expectations. Setup `SerialJob` as a spy using `allow` or `instance_spy`.", 1384559950],
    [209, 9, 17, "RSpec/StubbedMock: Prefer `allow` over `expect` when configuring a response.", 507636028],
    [209, 30, 7, "RSpec/MessageSpies: Prefer `have_received` for setting message expectations. Setup `SerialJob` as a spy using `allow` or `instance_spy`.", 1384559950],
    [212, 30, 7, "RSpec/MessageSpies: Prefer `have_received` for setting message expectations. Setup `SerialJob` as a spy using `allow` or `instance_spy`.", 1384559950],
    [219, 7, 70, "RSpec/MultipleExpectations: Example has too many expectations [3/1].", 1715322465],
    [219, 7, 712, "RSpec/ExampleLength: Example has too many lines. [9/5]", 1546257128],
    [225, 9, 17, "RSpec/StubbedMock: Prefer `allow` over `expect` when configuring a response.", 507636028],
    [225, 30, 7, "RSpec/MessageSpies: Prefer `have_received` for setting message expectations. Setup `SerialJob` as a spy using `allow` or `instance_spy`.", 1384559950],
    [238, 7, 31, "RSpec/MultipleExpectations: Example has too many expectations [2/1].", 2332297491],
    [242, 9, 35, "RSpec/StubbedMock: Prefer `allow` over `expect` when configuring a response.", 389807891],
    [242, 48, 7, "RSpec/MessageSpies: Prefer `have_received` for setting message expectations. Setup `SerialJobWithCustomRedisKey` as a spy using `allow` or `instance_spy`.", 1384559950],
    [245, 48, 7, "RSpec/MessageSpies: Prefer `have_received` for setting message expectations. Setup `SerialJobWithCustomRedisKey` as a spy using `allow` or `instance_spy`.", 1384559950],
    [250, 7, 54, "RSpec/MultipleExpectations: Example has too many expectations [4/1].", 200665986],
    [254, 9, 35, "RSpec/StubbedMock: Prefer `allow` over `expect` when configuring a response.", 389807891],
    [254, 48, 7, "RSpec/MessageSpies: Prefer `have_received` for setting message expectations. Setup `SerialJobWithCustomRedisKey` as a spy using `allow` or `instance_spy`.", 1384559950],
    [257, 9, 35, "RSpec/StubbedMock: Prefer `allow` over `expect` when configuring a response.", 389807891],
    [257, 48, 7, "RSpec/MessageSpies: Prefer `have_received` for setting message expectations. Setup `SerialJobWithCustomRedisKey` as a spy using `allow` or `instance_spy`.", 1384559950],
    [260, 48, 7, "RSpec/MessageSpies: Prefer `have_received` for setting message expectations. Setup `SerialJobWithCustomRedisKey` as a spy using `allow` or `instance_spy`.", 1384559950],
    [267, 7, 70, "RSpec/MultipleExpectations: Example has too many expectations [3/1].", 1715322465],
    [267, 7, 766, "RSpec/ExampleLength: Example has too many lines. [9/5]", 637261864],
    [273, 9, 35, "RSpec/StubbedMock: Prefer `allow` over `expect` when configuring a response.", 389807891],
    [273, 48, 7, "RSpec/MessageSpies: Prefer `have_received` for setting message expectations. Setup `SerialJobWithCustomRedisKey` as a spy using `allow` or `instance_spy`.", 1384559950]
  ],
  "spec/resque/unique_at_runtime/configuration_spec.rb:4184857493": [
    [6, 3, 3598, "RSpec/MultipleMemoizedHelpers: Example group has too many memoized helpers [7/5]", 943490244],
    [6, 11, 9, "RSpec/ContextWording: Context description should match /^when\\b/, /^with\\b/, or /^without\\b/.", 1185817254],
    [8, 31, 11, "Style/FileNull: Use `File::NULL` instead of `/dev/null`.", 597636425],
    [32, 41, 7, "RSpec/InstanceVariable: Avoid instance variables - use let, a method call, or a local variable (if possible).", 842193521],
    [33, 44, 10, "RSpec/InstanceVariable: Avoid instance variables - use let, a method call, or a local variable (if possible).", 1374199432],
    [34, 61, 27, "RSpec/InstanceVariable: Avoid instance variables - use let, a method call, or a local variable (if possible).", 2733303197],
    [35, 47, 13, "RSpec/InstanceVariable: Avoid instance variables - use let, a method call, or a local variable (if possible).", 2884763818],
    [36, 51, 17, "RSpec/InstanceVariable: Avoid instance variables - use let, a method call, or a local variable (if possible).", 2202955235],
    [37, 45, 11, "RSpec/InstanceVariable: Avoid instance variables - use let, a method call, or a local variable (if possible).", 689053256],
    [40, 5, 1632, "RSpec/MultipleMemoizedHelpers: Example group has too many memoized helpers [7/5]", 2097399632],
    [47, 7, 23, "RSpec/NestedGroups: Maximum example group nesting exceeded [4/3].", 2735792589],
    [47, 7, 153, "RSpec/MultipleMemoizedHelpers: Example group has too many memoized helpers [7/5]", 701262149],
    [47, 15, 15, "RSpec/ContextWording: Context description should match /^when\\b/, /^with\\b/, or /^without\\b/.", 2528802994],
    [51, 18, 7, "RSpec/NamedSubject: Name your test subject if you need to reference it explicitly.", 1892732441],
    [55, 7, 26, "RSpec/NestedGroups: Maximum example group nesting exceeded [4/3].", 1451974996],
    [55, 7, 165, "RSpec/MultipleMemoizedHelpers: Example group has too many memoized helpers [7/5]", 2081856069],
    [55, 15, 18, "RSpec/ContextWording: Context description should match /^when\\b/, /^with\\b/, or /^without\\b/.", 2238942795],
    [59, 18, 7, "RSpec/NamedSubject: Name your test subject if you need to reference it explicitly.", 1892732441],
    [63, 7, 43, "RSpec/NestedGroups: Maximum example group nesting exceeded [4/3].", 1365089249],
    [63, 7, 233, "RSpec/MultipleMemoizedHelpers: Example group has too many memoized helpers [7/5]", 1172076805],
    [63, 15, 35, "RSpec/ContextWording: Context description should match /^when\\b/, /^with\\b/, or /^without\\b/.", 2384448478],
    [67, 18, 7, "RSpec/NamedSubject: Name your test subject if you need to reference it explicitly.", 1892732441],
    [71, 7, 29, "RSpec/NestedGroups: Maximum example group nesting exceeded [4/3].", 2744086742],
    [71, 7, 177, "RSpec/MultipleMemoizedHelpers: Example group has too many memoized helpers [7/5]", 1249327013],
    [71, 15, 21, "RSpec/ContextWording: Context description should match /^when\\b/, /^with\\b/, or /^without\\b/.", 865927401],
    [75, 18, 7, "RSpec/NamedSubject: Name your test subject if you need to reference it explicitly.", 1892732441],
    [79, 7, 33, "RSpec/NestedGroups: Maximum example group nesting exceeded [4/3].", 3583358495],
    [79, 7, 193, "RSpec/MultipleMemoizedHelpers: Example group has too many memoized helpers [7/5]", 1873006789],
    [79, 15, 25, "RSpec/ContextWording: Context description should match /^when\\b/, /^with\\b/, or /^without\\b/.", 2586154848],
    [83, 18, 7, "RSpec/NamedSubject: Name your test subject if you need to reference it explicitly.", 1892732441],
    [87, 7, 27, "RSpec/NestedGroups: Maximum example group nesting exceeded [4/3].", 4096001908],
    [87, 7, 518, "RSpec/MultipleMemoizedHelpers: Example group has too many memoized helpers [7/5]", 2602151206],
    [87, 15, 19, "RSpec/ContextWording: Context description should match /^when\\b/, /^with\\b/, or /^without\\b/.", 110410251],
    [91, 18, 7, "RSpec/NamedSubject: Name your test subject if you need to reference it explicitly.", 1892732441],
    [94, 9, 29, "RSpec/NestedGroups: Maximum example group nesting exceeded [5/3].", 806707167],
    [94, 9, 168, "RSpec/MultipleMemoizedHelpers: Example group has too many memoized helpers [7/5]", 4021415173],
    [94, 17, 21, "RSpec/ContextWording: Context description should match /^when\\b/, /^with\\b/, or /^without\\b/.", 1638840096],
    [98, 20, 7, "RSpec/NamedSubject: Name your test subject if you need to reference it explicitly.", 1892732441],
    [102, 9, 29, "RSpec/NestedGroups: Maximum example group nesting exceeded [5/3].", 315030477],
    [102, 9, 166, "RSpec/MultipleMemoizedHelpers: Example group has too many memoized helpers [7/5]", 123749724],
    [102, 17, 21, "RSpec/ContextWording: Context description should match /^when\\b/, /^with\\b/, or /^without\\b/.", 2130508338],
    [106, 20, 7, "RSpec/NamedSubject: Name your test subject if you need to reference it explicitly.", 1892732441],
    [112, 5, 497, "RSpec/MultipleMemoizedHelpers: Example group has too many memoized helpers [7/5]", 1115186200],
    [119, 7, 338, "RSpec/ExampleLength: Example has too many lines. [8/5]", 1219504266],
    [120, 16, 7, "RSpec/NamedSubject: Name your test subject if you need to reference it explicitly.", 1892732441]
  ],
  "spec/spec_helper.rb:1013065863": [
    [46, 24, 14, "RSpec/ContextWording: Context description should match /^when\\b/, /^with\\b/, or /^without\\b/.", 379550510]
  ]
}
